
Microsoft Visual Studio Solution File, Format Version 12.00
# Visual Studio Version 17
VisualStudioVersion = 17.0.32112.339
MinimumVisualStudioVersion = 10.0.40219.1
Project("{9A19103F-16F7-4668-BE54-9A1E7A4F7556}") = "WorldCities", "WorldCities\WorldCities.csproj", "{E609740B-B088-493A-B102-DA317EC5BEE0}"
EndProject
Project("{9A19103F-16F7-4668-BE54-9A1E7A4F7556}") = "WorldCities.Tests", "WorldCities.Tests\WorldCities.Tests.csproj", "{A317D0B4-C331-4906-A881-CB400C875AE4}"
EndProject
Global
	GlobalSection(SolutionConfigurationPlatforms) = preSolution
		Debug|Any CPU = Debug|Any CPU
		Release|Any CPU = Release|Any CPU
	EndGlobalSection
	GlobalSection(ProjectConfigurationPlatforms) = postSolution
		{E609740B-B088-493A-B102-DA317EC5BEE0}.Debug|Any CPU.ActiveCfg = Debug|Any CPU
		{E609740B-B088-493A-B102-DA317EC5BEE0}.Debug|Any CPU.Build.0 = Debug|Any CPU
		{E609740B-B088-493A-B102-DA317EC5BEE0}.Release|Any CPU.ActiveCfg = Release|Any CPU
		{E609740B-B088-493A-B102-DA317EC5BEE0}.Release|Any CPU.Build.0 = Release|Any CPU
		{A317D0B4-C331-4906-A881-CB400C875AE4}.Debug|Any CPU.ActiveCfg = Debug|Any CPU
		{A317D0B4-C331-4906-A881-CB400C875AE4}.Debug|Any CPU.Build.0 = Debug|Any CPU
		{A317D0B4-C331-4906-A881-CB400C875AE4}.Release|Any CPU.ActiveCfg = Release|Any CPU
		{A317D0B4-C331-4906-A881-CB400C875AE4}.Release|Any CPU.Build.0 = Release|Any CPU
	EndGlobalSection
	GlobalSection(SolutionProperties) = preSolution
		HideSolutionNode = FALSE
	EndGlobalSection
	GlobalSection(ExtensibilityGlobals) = postSolution
		SolutionGuid = {5F6A0172-5B65-4C46-9DE7-E1C908121EA3}
	EndGlobalSection
EndGlobal
